{
    "_meta": {
        "hash": {
            "sha256": "d18d9e6e424d47b701ca754ce9ea9d37905072a630d9f192de59c1adffee7f44"
        },
        "pipfile-spec": 6,
        "requires": {
            "python_version": "3.12"
        },
        "sources": [
            {
                "name": "pypi",
                "url": "https://pypi.org/simple",
                "verify_ssl": true
            }
        ]
    },
    "default": {
        "asgiref": {
            "hashes": [
                "sha256:3e1e3ecc849832fe52ccf2cb6686b7a55f82bb1d6aee72a58826471390335e47",
                "sha256:c343bd80a0bec947a9860adb4c432ffa7db769836c64238fc34bdc3fec84d590"
            ],
            "markers": "python_version >= '3.8'",
            "version": "==3.8.1"
        },
        "django": {
            "hashes": [
                "sha256:1323617cb624add820cb9611cdcc788312d250824f92ca6048fda8625514af2b",
                "sha256:30de4ee43a98e5d3da36a9002f287ff400b43ca51791920bfb35f6917bfe041c"
            ],
            "index": "pypi",
            "markers": "python_version >= '3.10'",
            "version": "==5.1.7"
        },
        "djangorestframework": {
            "hashes": [
                "sha256:bea7e9f6b96a8584c5224bfb2e4348dfb3f8b5e34edbecb98da258e892089361",
                "sha256:f022ff46613584de994c0c6a4aebbace5fd700555fbe9d33b865ebf173eba6c9"
            ],
            "index": "pypi",
            "markers": "python_version >= '3.9'",
            "version": "==3.16.0"
        },
        "mysql-connector-python": {
            "hashes": [
                "sha256:03fe54ca19c2dffa8f04ca0601a1217b126ff8306c76a9b2b4e555f8fbbd2178",
                "sha256:0aee4e3a053672ded2134eda6fff3bc64796df88c9a9e5cab130b576830e14a8",
                "sha256:2238ba121a30dd3a23d33ce3437642e38a1d4b86afaf7a487cdb0d7727db2010",
                "sha256:292974916c6908e62bb0eb864c1c5679aa5c827209a200b5658aa4b4468c19a0",
                "sha256:2a96bed643e901e91c05f421a37844939f5e2f65cc54a406ec5d95e704bda068",
                "sha256:2c358b5732666043683445e88405d58232d5bb0977d24ec55e02a315b33fecbc",
                "sha256:4142a0a4e997210558136ad2b623188c102996eda2d951a3933d6338b210f15e",
                "sha256:417c538dfd64e6d415280067f4d7ce3f901ce85c548e609247a794d205769276",
                "sha256:4d97485eb3f63ab26f6438570c4a392bb1f53c3ad9dca1bfd8b61b5ec1bba690",
                "sha256:5c72ecad9007bc52d4f213e47d3c4cf17b3a3cabfeb2d36317fd4493adf5ed7d",
                "sha256:6557942f6c6be3b41d2965456b53a244a7ce3e6fb81cb195c243549be72a6a24",
                "sha256:65808b0a9998150416ee0b5781fdff456faea247e24d505f606aea2acaf21374",
                "sha256:7c25dc2cb4fca82242d71a0bda2087bdfa3638e0c8175a747a6e765242763b4a",
                "sha256:86c3217849857113912e8fc628e13182f00955ed1257cb7bfdc3d5ac3c5ff371",
                "sha256:877552ff04800be4a53604bfee95b4078d10fcc072d54b9ea8dcd159c692742c",
                "sha256:8a6cfb611bdfea41c67c5305e8fc0e30fdacd258c489dc619f566213cce8bba9",
                "sha256:92ef9e5a37b25978a261b5a14fcfa0cf51cd96168dec4a52657bbfc1e1cb7d9a",
                "sha256:b13b136c188363e18f9b3f6237a0e6eba8601df259ab0f8687cd689f433a391b",
                "sha256:b7d149bcc455cf606a4aa604d45267fba16c8abf36056b804f8d16e8f5e753c1",
                "sha256:bddecd023c0e92182eb3159abee7385a1d38b395a58ff4d94d3d6f1abeca6334",
                "sha256:c2e973bcc6eab68e41e01438b706788e3f47b0b4d6a17fcb74583f7e0b990c5f",
                "sha256:cc09ca64db620f7c898e1fb7c61a3d6f8f21694fcd276ab2635650ce216f8556",
                "sha256:cf2684641084abc47be2dbba7bd42ce22c682bad4228a10bb12c343e1ecfc484",
                "sha256:d007c05a48fc076e5ac7ad3d76e332fa5b0e885853c2da80071ade2d6e01aba5",
                "sha256:e1afa12519671e024d80fbbf74606cc4fb96786b005d79ed959acf3584ba6af4",
                "sha256:e8338a9babe6c67287080ec9f6a0fc245de24841bc532ef97dfd1f93caf4668b"
            ],
            "index": "pypi",
            "markers": "python_version >= '3.9'",
            "version": "==9.2.0"
        },
        "mysqlclient": {
            "hashes": [
                "sha256:199dab53a224357dd0cb4d78ca0e54018f9cee9bf9ec68d72db50e0a23569076",
                "sha256:201a6faa301011dd07bca6b651fe5aaa546d7c9a5426835a06c3172e1056a3c5",
                "sha256:24ae22b59416d5fcce7e99c9d37548350b4565baac82f95e149cac6ce4163845",
                "sha256:2e3c11f7625029d7276ca506f8960a7fd3c5a0a0122c9e7404e6a8fe961b3d22",
                "sha256:4b4c0200890837fc64014cc938ef2273252ab544c1b12a6c1d674c23943f3f2e",
                "sha256:92af368ed9c9144737af569c86d3b6c74a012a6f6b792eb868384787b52bb585",
                "sha256:977e35244fe6ef44124e9a1c2d1554728a7b76695598e4b92b37dc2130503069",
                "sha256:a22d99d26baf4af68ebef430e3131bb5a9b722b79a9fcfac6d9bbf8a88800687"
            ],
            "index": "pypi",
            "markers": "python_version >= '3.8'",
            "version": "==2.2.7"
        },
        "pillow": {
            "hashes": [
                "sha256:00f8830ac57dc38bfacfb8bb1b7987da7ccbf99131dae0e826bfbaa2c8dfc990",
                "sha256:07cd635650ddd10be04148e7f2e895afa240d0ea5e810cd10f650adba13f5f93",
                "sha256:0b46b5ee8443213da50b08caa1b2f7c407233873f6153c6fcf558fab57ac658b",
                "sha256:0d3408815fc6ab70283916e0b058e7a4bbacdd7b5bb71ef81a9a507df4580b9a",
                "sha256:0f19332b8de08305db8e003272ba86f5a65231b848a44ceef2e9593101637208",
                "sha256:10502f9425768a4f9c1c8471a7a3f942da659c727369bab1241b7ae1ff16f93f",
                "sha256:106fce029c62ddfed767e4f8cc3396e90ba45320d87df58bf83a73fdbe73f09b",
                "sha256:20d8f9626c3d48baf14e01aca763e5457508cf4245ef0232ba601a4bfa3d26ce",
                "sha256:23fedf0def4193848ce5be2f685e3606c1ebf42a033cfa092b729e6cf844d337",
                "sha256:25e533264bec3ca5dc6e1587810dce1c2dda0b9d63ed4e27fa72092cb351cd55",
                "sha256:284bcf4d37699a3ca6af2f42ba5e90589802f9c9e0c09e4a1a05732e634e94f1",
                "sha256:290fd44a0b517a48af7660b7586538f9db1fe0656d7d6c97b0aefd2a4ad2b14d",
                "sha256:36de59d15a95584fad3758c4bcb992c3bf279ddd86236d3f096dbf696efc2b48",
                "sha256:38afd040bafe3c2893de4e011557c309a878e8fde07e3303bf3cb0f9832d237c",
                "sha256:3a03f96498762c9a6e80282ce43386847e61540011510bf790c48488d834205d",
                "sha256:40f972b6e2a97c633fa25c3c8405d45942747eaf838805d76f7da0363a7696ec",
                "sha256:4122bb11e4d238ed28ecff24863c620aac22732bc102ab9550e99f6fd6eaf869",
                "sha256:4202372ccb549a3f12de2cebbafa82b0a3d8e2cb5569fa4b698e7da6b6521687",
                "sha256:47dcb3289613e256c2419242f6d92b1c9ce28368bd337f6a0cf50cddfb8cc69a",
                "sha256:4846c8efa94eda17832f09c4e8691c9aaeb7eef758c8b622af44e60887fcaf12",
                "sha256:491e11b37e322fc6e80b485f99203e6c4ed69ea170eb6d25e9cb9eb0b92db7e5",
                "sha256:4d1c229f800addb9158c26661c6ade9cb038ff7bb98e3c0149e8fd3a7b6e6e08",
                "sha256:4d28e47fe5a5e5692ea5d239e8bb6c610cf2dad550fc34c5a32d49b1ffd1c891",
                "sha256:52ecd8f581cd5aa0fcc29291acc99b38dbaf898272e86e3146ec3996ed370a46",
                "sha256:54206449613db62c82585bb26ac70f3a1a97654d70ad796b4e05624ef1b08f4e",
                "sha256:57bc12a7d9175ec13c6e1e2a41532e6ae0f5218988259d1f83dd5f7097369ef8",
                "sha256:582c458d766c479ebf5679d582fef698a42b803fa07190e04267280db4f14725",
                "sha256:597b629e4d135ebb904f58d0b3328c58dba3ac7bd1f9585e0dddcb250d3f955c",
                "sha256:5c3a8f916c494c0a3dc37daf5a0e7d98480a6f839ad0fa472e9858b667b48268",
                "sha256:63e0395313bc32de78309e24a298dc4986f8a93fc917032412f510a272ee9f25",
                "sha256:6581ee02eec144cbcdeb6bef055142129cfda0f52939480d81806ee8d61ab4f3",
                "sha256:65dfab8348a42ba9883141e4fa09a7db6ff2a203d17450717b998fb27f4ba0b4",
                "sha256:676461578f605c8e56ea108c371632e4bf40697996d80b5899c592043432e5f1",
                "sha256:6fa29d8fcaf8a830ced88f390baffe32ae1ba41873a3f6c8946213d067db7ae0",
                "sha256:70daf0b69bc9017796cb74a38a597a34e311e4e3e5254d7e4aa42aab3d1d3eac",
                "sha256:71733ea2d70a5fc498b7675cb37e7dcfb2b1889d8a08128ec2a62b6843f0660a",
                "sha256:728f2381d178722d008772e57b3252b8c6c0c284cee76e798ffb392ca71e3fd9",
                "sha256:77cea582243e7286ac23ef6315eeb1434f5ccfc710afa16a8999194aa9d1e88a",
                "sha256:789c65fa7d2a17dc585bb4cc0f08392de5960f7e1a69c6171a82c9f7c5c98b3c",
                "sha256:7d516f854dadc0f449f0db7b93009d3169ae126511ee754c954b4a43c432bd9d",
                "sha256:87c715dd5dc439bde27cf745d59b66af39b2df4355bc57ddd2e51f87f768fb06",
                "sha256:8b46bd331193a7b223864010e751a30ec48245e5106e00eda94b435e37109de1",
                "sha256:92baf77b80de05ede82b14d92bf89a7f0067501b9476df0a162004f3bb015b50",
                "sha256:9565b70771a38b096b0f78d830be5338ca9a0b810ea6cbfab54c64f0266f9c72",
                "sha256:98cd082d9a523cb0f2f8775ec122e67a5cfd9afc6549d91aafe0c2d75535d008",
                "sha256:9ec3481f45d9616bb18b5f3b145744dfcdfabea6a23efe233b8a9026852369d1",
                "sha256:a32b243b37c060884bd04f6bb709a22d86ec05662374076e6a35c07ac0361477",
                "sha256:a9cd300d223efadd1e540521bae1fcdab406ef6c5f2ca6e46370f5671b607f26",
                "sha256:afa1718a5ca25d52c766dfaae795d0286363b7adb005965aadfd9eea804fd0b3",
                "sha256:b228ae10b25650539d37c056063c8f34c0da4f69419ce03249dfd0adc322d46b",
                "sha256:b4204996f6a813f5ca8e7d6365e104ec7391315d014780a909eadc19e613fcf9",
                "sha256:b653372f6b3a7df74cd52abc8c400670ab08dd4473317508ed45668e87df0284",
                "sha256:b92d9059719ec9a718ac9e04039764b10551f2c929db6cd6015e90f9c62f8b34",
                "sha256:be7a73fb992a9cb8e4362220037ea10d3eb52d0804220ca98de4f7d24c1f36c9",
                "sha256:c026e417ebede0e84d9358cc1d9f702356e61a787be882016fbca4fb1248c0d1",
                "sha256:c25567ad74526f362b55940d786e70568a05759a7d3b7de1f12aeec6920bc1ae",
                "sha256:c2a6700be18335d341ddd12facbc49dcf0febbfeefdda4990e017698a8e66f59",
                "sha256:c8a74615674cca471e825392d833e666a945b2bbedfd93299d800f60ae6c495c",
                "sha256:cade37bde4fbe239b177e809a2599c2772f7e54e3c7a355431de6a25023a50d3",
                "sha256:cb17dc417e951a3af0c5a9ed2641b8b37e7b0e78fe685b91b927de474cddad58",
                "sha256:d31997b8ddae9db2d93d9fe195b3bae67746419b22cb65dddcfd5d649aa7f26d",
                "sha256:d8a9dc58117878e94303dbc32a4c9fe470f6b77f349954d4ae003870c9ac7a83",
                "sha256:ed1f80258bc01a0bc5c5f2eda7e4cbd9bc25060dc69be2f00fe1435ba48f4ff4",
                "sha256:f0125a9e668df3e83ff2cfa5800dfe5646591449abae40abf75a1d8b325ddd33",
                "sha256:f50edae2624495d3b075e40f65d86bcbf374fa822dfc05f1d9dc995507c410ed",
                "sha256:f56cd367fb7b5b2779c2b8e5ab2b228ce526b122c21126f4649f9ecd3796efc4",
                "sha256:f67f2191773d7a54f8bad94ba781cba88aedf52fed0ff6f6050065f824d201a4",
                "sha256:fe61cadf4f0449de64fb6911bca381f1a4c1f04cce3027a0d12ebaba626f97cd",
                "sha256:ff44a55a650c0337d3db764cec4f85d1324369e5cf10f6daa96c9513182730a9",
                "sha256:ffcfac194064f4a5bc389b9ef910a60b9bc8573a7e59f081fbc71a59794140f2"
            ],
            "index": "pypi",
            "markers": "python_version >= '3.9'",
            "version": "==11.2.0"
        },
        "sqlparse": {
            "hashes": [
                "sha256:09f67787f56a0b16ecdbde1bfc7f5d9c3371ca683cfeaa8e6ff60b4807ec9272",
                "sha256:cf2196ed3418f3ba5de6af7e82c694a9fbdbfecccdfc72e281548517081f16ca"
            ],
            "markers": "python_version >= '3.8'",
            "version": "==0.5.3"
        },
        "tzdata": {
            "hashes": [
                "sha256:1a403fada01ff9221ca8044d701868fa132215d84beb92242d9acd2147f667a8",
                "sha256:b60a638fcc0daffadf82fe0f57e53d06bdec2f36c4df66280ae79bce6bd6f2b9"
            ],
            "markers": "python_version >= '2'",
            "version": "==2025.2"
        }
    },
    "develop": {}
}
